
Microsoft Visual Studio Solution File, Format Version 12.00
# Visual Studio Version 17
VisualStudioVersion = 17.4.33205.214
MinimumVisualStudioVersion = 10.0.40219.1
Project("{888888A0-9F3D-457C-B088-3A5042F75D52}") = "Task_14", "Task_14.pyproj", "{3F1C2430-1C2C-43E0-88BC-F516C1C6C7AB}"
EndProject
Global
	GlobalSection(SolutionConfigurationPlatforms) = preSolution
		Debug|Any CPU = Debug|Any CPU
		Release|Any CPU = Release|Any CPU
	EndGlobalSection
	GlobalSection(ProjectConfigurationPlatforms) = postSolution
		{3F1C2430-1C2C-43E0-88BC-F516C1C6C7AB}.Debug|Any CPU.ActiveCfg = Debug|Any CPU
		{3F1C2430-1C2C-43E0-88BC-F516C1C6C7AB}.Release|Any CPU.ActiveCfg = Release|Any CPU
	EndGlobalSection
	GlobalSection(SolutionProperties) = preSolution
		HideSolutionNode = FALSE
	EndGlobalSection
	GlobalSection(ExtensibilityGlobals) = postSolution
		SolutionGuid = {2FA33001-0ABA-4E19-92CD-87C181F7F993}
	EndGlobalSection
EndGlobal
