
Microsoft Visual Studio Solution File, Format Version 12.00
# Visual Studio Version 17
VisualStudioVersion = 17.4.33205.214
MinimumVisualStudioVersion = 10.0.40219.1
Project("{888888A0-9F3D-457C-B088-3A5042F75D52}") = "Task_15", "Task_15.pyproj", "{6BD73786-7D89-4AAE-86A2-32BCFCF9F9FB}"
EndProject
Global
	GlobalSection(SolutionConfigurationPlatforms) = preSolution
		Debug|Any CPU = Debug|Any CPU
		Release|Any CPU = Release|Any CPU
	EndGlobalSection
	GlobalSection(ProjectConfigurationPlatforms) = postSolution
		{6BD73786-7D89-4AAE-86A2-32BCFCF9F9FB}.Debug|Any CPU.ActiveCfg = Debug|Any CPU
		{6BD73786-7D89-4AAE-86A2-32BCFCF9F9FB}.Release|Any CPU.ActiveCfg = Release|Any CPU
	EndGlobalSection
	GlobalSection(SolutionProperties) = preSolution
		HideSolutionNode = FALSE
	EndGlobalSection
	GlobalSection(ExtensibilityGlobals) = postSolution
		SolutionGuid = {816B9E6F-ABC9-4CEB-8FD0-ACD16BAB6B3C}
	EndGlobalSection
EndGlobal
