
Microsoft Visual Studio Solution File, Format Version 12.00
# Visual Studio Version 17
VisualStudioVersion = 17.4.33205.214
MinimumVisualStudioVersion = 10.0.40219.1
Project("{888888A0-9F3D-457C-B088-3A5042F75D52}") = "Task_16", "Task_16.pyproj", "{1F3EAC3C-AF53-4BB9-862C-DED44F270A73}"
EndProject
Global
	GlobalSection(SolutionConfigurationPlatforms) = preSolution
		Debug|Any CPU = Debug|Any CPU
		Release|Any CPU = Release|Any CPU
	EndGlobalSection
	GlobalSection(ProjectConfigurationPlatforms) = postSolution
		{1F3EAC3C-AF53-4BB9-862C-DED44F270A73}.Debug|Any CPU.ActiveCfg = Debug|Any CPU
		{1F3EAC3C-AF53-4BB9-862C-DED44F270A73}.Release|Any CPU.ActiveCfg = Release|Any CPU
	EndGlobalSection
	GlobalSection(SolutionProperties) = preSolution
		HideSolutionNode = FALSE
	EndGlobalSection
	GlobalSection(ExtensibilityGlobals) = postSolution
		SolutionGuid = {04D70162-609E-479A-B04E-35CDA9C26873}
	EndGlobalSection
EndGlobal
