
Microsoft Visual Studio Solution File, Format Version 12.00
# Visual Studio Version 17
VisualStudioVersion = 17.4.33205.214
MinimumVisualStudioVersion = 10.0.40219.1
Project("{888888A0-9F3D-457C-B088-3A5042F75D52}") = "Task_7", "Task_7.pyproj", "{9884DD01-B0CA-4420-8512-E326F502DACE}"
EndProject
Global
	GlobalSection(SolutionConfigurationPlatforms) = preSolution
		Debug|Any CPU = Debug|Any CPU
		Release|Any CPU = Release|Any CPU
	EndGlobalSection
	GlobalSection(ProjectConfigurationPlatforms) = postSolution
		{9884DD01-B0CA-4420-8512-E326F502DACE}.Debug|Any CPU.ActiveCfg = Debug|Any CPU
		{9884DD01-B0CA-4420-8512-E326F502DACE}.Release|Any CPU.ActiveCfg = Release|Any CPU
	EndGlobalSection
	GlobalSection(SolutionProperties) = preSolution
		HideSolutionNode = FALSE
	EndGlobalSection
	GlobalSection(ExtensibilityGlobals) = postSolution
		SolutionGuid = {9E5A54EC-5D4B-4A43-A9B9-8B067CA7C4FC}
	EndGlobalSection
EndGlobal
